
Microsoft Visual Studio Solution File, Format Version 10.00
# Visual Studio 2008
Project("{E24C65DC-7377-472B-9ABA-BC803B73C61A}") = "_CODE", ".", "{7F5B854B-9220-4A3A-AB5E-A7B1D8B86AD4}"
	ProjectSection(WebsiteProperties) = preProject
		TargetFramework = "2.0"
		Debug.AspNetCompiler.VirtualPath = "/ER-Project"
		Debug.AspNetCompiler.PhysicalPath = "D:\ER\ER-Project\"
		Debug.AspNetCompiler.TargetPath = "PrecompiledWeb\ER-Project\"
		Debug.AspNetCompiler.Updateable = "true"
		Debug.AspNetCompiler.ForceOverwrite = "true"
		Debug.AspNetCompiler.FixedNames = "false"
		Debug.AspNetCompiler.Debug = "True"
		Release.AspNetCompiler.VirtualPath = "/ER-Project"
		Release.AspNetCompiler.PhysicalPath = "D:\ER\ER-Project\"
		Release.AspNetCompiler.TargetPath = "PrecompiledWeb\ER-Project\"
		Release.AspNetCompiler.Updateable = "true"
		Release.AspNetCompiler.ForceOverwrite = "true"
		Release.AspNetCompiler.FixedNames = "false"
		Release.AspNetCompiler.Debug = "False"
		VWDPort = "2176"
	EndProjectSection
EndProject
Global
	GlobalSection(SolutionConfigurationPlatforms) = preSolution
		Debug|.NET = Debug|.NET
	EndGlobalSection
	GlobalSection(ProjectConfigurationPlatforms) = postSolution
		{7F5B854B-9220-4A3A-AB5E-A7B1D8B86AD4}.Debug|.NET.ActiveCfg = Debug|.NET
		{7F5B854B-9220-4A3A-AB5E-A7B1D8B86AD4}.Debug|.NET.Build.0 = Debug|.NET
	EndGlobalSection
	GlobalSection(SolutionProperties) = preSolution
		HideSolutionNode = FALSE
	EndGlobalSection
EndGlobal
